
Microsoft Visual Studio Solution File, Format Version 12.00
# Visual Studio Version 17
VisualStudioVersion = 17.3.32804.467
MinimumVisualStudioVersion = 10.0.40219.1
Project("{9A19103F-16F7-4668-BE54-9A1E7A4F7556}") = "IO.Swagger", "src\IO.Swagger\IO.Swagger.csproj", "{46C34DDF-D3F9-47F5-BFA6-A206075D9953}"
EndProject
Global
	GlobalSection(SolutionConfigurationPlatforms) = preSolution
		Debug|Any CPU = Debug|Any CPU
		Release|Any CPU = Release|Any CPU
	EndGlobalSection
	GlobalSection(ProjectConfigurationPlatforms) = postSolution
		{46C34DDF-D3F9-47F5-BFA6-A206075D9953}.Debug|Any CPU.ActiveCfg = Debug|Any CPU
		{46C34DDF-D3F9-47F5-BFA6-A206075D9953}.Debug|Any CPU.Build.0 = Debug|Any CPU
		{46C34DDF-D3F9-47F5-BFA6-A206075D9953}.Release|Any CPU.ActiveCfg = Release|Any CPU
		{46C34DDF-D3F9-47F5-BFA6-A206075D9953}.Release|Any CPU.Build.0 = Release|Any CPU
	EndGlobalSection
	GlobalSection(SolutionProperties) = preSolution
		HideSolutionNode = FALSE
	EndGlobalSection
	GlobalSection(ExtensibilityGlobals) = postSolution
		SolutionGuid = {A8E5DB72-94B8-4865-8189-4D72C0D5D7A1}
	EndGlobalSection
EndGlobal
